
Microsoft Visual Studio Solution File, Format Version 12.00
# Visual Studio 15
VisualStudioVersion = 15.0.27130.2024
MinimumVisualStudioVersion = 10.0.40219.1
Project("{FAE04EC0-301F-11D3-BF4B-00C04F79EFBC}") = "BazaSamochodow", "BazaSamochodow\BazaSamochodow.csproj", "{38B9EEF3-99AF-47F8-B43D-B3090A47D611}"
EndProject
Global
	GlobalSection(SolutionConfigurationPlatforms) = preSolution
		Debug|Any CPU = Debug|Any CPU
		Release|Any CPU = Release|Any CPU
	EndGlobalSection
	GlobalSection(ProjectConfigurationPlatforms) = postSolution
		{38B9EEF3-99AF-47F8-B43D-B3090A47D611}.Debug|Any CPU.ActiveCfg = Debug|Any CPU
		{38B9EEF3-99AF-47F8-B43D-B3090A47D611}.Debug|Any CPU.Build.0 = Debug|Any CPU
		{38B9EEF3-99AF-47F8-B43D-B3090A47D611}.Release|Any CPU.ActiveCfg = Release|Any CPU
		{38B9EEF3-99AF-47F8-B43D-B3090A47D611}.Release|Any CPU.Build.0 = Release|Any CPU
	EndGlobalSection
	GlobalSection(SolutionProperties) = preSolution
		HideSolutionNode = FALSE
	EndGlobalSection
	GlobalSection(ExtensibilityGlobals) = postSolution
		SolutionGuid = {C8629478-0393-47DA-8A50-4F1CAE3723C9}
	EndGlobalSection
EndGlobal
